version = 1
revision = 3
requires-python = "==3.11.*"
required-markers = [
    "platform_machine == 'x86_64' and sys_platform == 'linux'",
    "platform_machine == 'aarch64' and sys_platform == 'linux'",
]

[[package]]
name = "cncmachine"
version = "0.1.0"
source = { virtual = "." }
dependencies = [
    { name = "ids-peak" },
    { name = "ids-peak-common" },
    { name = "ids-peak-icv" },
    { name = "numpy" },
    { name = "pillow" },
    { name = "pyqtgraph" },
]

[package.metadata]
requires-dist = [
    { name = "ids-peak", specifier = ">=1.15.0.0.8" },
    { name = "ids-peak-common", specifier = ">=1.3.0.4212" },
    { name = "ids-peak-icv", specifier = ">=1.3.0.9744" },
    { name = "numpy", specifier = ">=2.4.4" },
    { name = "pillow", specifier = ">=12.2.0" },
    { name = "pyqtgraph", specifier = ">=0.14.0" },
]

[[package]]
name = "colorama"
version = "0.4.6"
source = { registry = "https://pypi.org/simple" }
sdist = { url = "https://files.pythonhosted.org/packages/d8/53/6f443c9a4a8358a93a6792e2acffb9d9d5cb0a5cfd8802644b7b1c9a02e4/colorama-0.4.6.tar.gz", hash = "sha256:08695f5cb7ed6e0531a20572697297273c47b8cae5a63ffc6d6ed5c201be6e44", size = 27697, upload-time = "2022-10-25T02:36:22.414Z" }
wheels = [
    { url = "https://files.pythonhosted.org/packages/d1/d6/3965ed04c63042e047cb6a3e6ed1a63a35087b6a609aa3a15ed8ac56c221/colorama-0.4.6-py2.py3-none-any.whl", hash = "sha256:4f1d9991f5acc0ca119f9d443620b77f9d6b33703e51011c16baf57afb285fc6", size = 25335, upload-time = "2022-10-25T02:36:20.889Z" },
]

[[package]]
name = "ids-peak"
version = "1.15.0.0.8"
source = { registry = "https://pypi.org/simple" }
dependencies = [
    { name = "ids-peak-common" },
    { name = "ids-peak-ipl" },
]
wheels = [
    { url = "https://files.pythonhosted.org/packages/27/ec/93a8fc71de191e751e661a830716c4ba76dd8a6f6e38e32342a25a0a1d6f/ids_peak-1.15.0.0.8-cp310-abi3-manylinux_2_26_aarch64.whl", hash = "sha256:77379c41a95eb638b4da402cb6246c333b5ee349bcb64af81b709c064fa8b635", size = 4616693, upload-time = "2026-04-21T08:14:37.874Z" },
    { url = "https://files.pythonhosted.org/packages/33/3b/180684de94d05165e2ecec6404e49a0ad132f0d03025c31c902b39d18397/ids_peak-1.15.0.0.8-cp310-abi3-manylinux_2_27_x86_64.whl", hash = "sha256:9e7b258a8f431c1c7cd98ed8d16565eb9e3e3cc6f1373b6a14ee0854f16c9905", size = 5198166, upload-time = "2026-04-21T08:14:45.678Z" },
    { url = "https://files.pythonhosted.org/packages/ae/03/25bf6e2574abe1ef4bf6360ab3822505ab1b8b343d5a25e9e17f14da7658/ids_peak-1.15.0.0.8-cp310-abi3-win_amd64.whl", hash = "sha256:f53ce26953873e56f4982f7a4ad9991ce01c479a5cb5aef67bf87caff50fe71d", size = 4546210, upload-time = "2026-04-21T08:14:41.292Z" },
]

[[package]]
name = "ids-peak-common"
version = "1.3.0.4212"
source = { registry = "https://pypi.org/simple" }
wheels = [
    { url = "https://files.pythonhosted.org/packages/dd/d6/d96154e31c54c9891a3ed760c0c4ea863cae63b78abf7b9e9d5f3276cc16/ids_peak_common-1.3.0.4212-py3-none-any.whl", hash = "sha256:082870295c6907dccf55a0f338ca89b14b64635b30633fb54f466ff87961a845", size = 34308, upload-time = "2026-04-21T08:14:18.751Z" },
]

[[package]]
name = "ids-peak-icv"
version = "1.3.0.9744"
source = { registry = "https://pypi.org/simple" }
dependencies = [
    { name = "ids-peak-common" },
    { name = "ids-peak-ipl" },
    { name = "numpy" },
]
wheels = [
    { url = "https://files.pythonhosted.org/packages/88/37/c5a55d5b9975885594c41cb870995d42bf71d1f5485fa9db3e6c11157743/ids_peak_icv-1.3.0.9744-py3-none-manylinux_2_27_aarch64.whl", hash = "sha256:f817b7a419f1cf95ce973b7b5cc36ebf2a8ee4e6564501bec71ef9f16f65c4c6", size = 11139863, upload-time = "2026-04-21T08:14:34.469Z" },
    { url = "https://files.pythonhosted.org/packages/60/71/adaaf2e669628b6442212c53373782c5d4894b94613ddb9d40de1b8ed427/ids_peak_icv-1.3.0.9744-py3-none-manylinux_2_27_x86_64.whl", hash = "sha256:f359b22abdfc712e6501dcfe9d8d3857c76c941a8e968e634acb1738b3f39a38", size = 12406684, upload-time = "2026-04-21T08:14:21.851Z" },
    { url = "https://files.pythonhosted.org/packages/53/f6/bc39b20ba9bace651bdab5098e80ed71bf9ab79719a79fc063624a93d7f8/ids_peak_icv-1.3.0.9744-py3-none-win_amd64.whl", hash = "sha256:407513a5ef1543d9d27fd18ad591a1a39cee1c0098d02f6416c684cfe2fb9aab", size = 12824067, upload-time = "2026-04-21T08:13:54.59Z" },
]

[[package]]
name = "ids-peak-ipl"
version = "1.17.2.0.7"
source = { registry = "https://pypi.org/simple" }
dependencies = [
    { name = "ids-peak-common" },
    { name = "numpy" },
]
wheels = [
    { url = "https://files.pythonhosted.org/packages/cb/b3/92c9bccb027e1bb97462205d41bf1a573e0540e7b8b632dda8241662fbf5/ids_peak_ipl-1.17.2.0.7-cp311-abi3-manylinux_2_27_aarch64.whl", hash = "sha256:905955684fceed6a90a74905d05d14222174b07ce293849e84f96d6b74b56474", size = 6209617, upload-time = "2026-04-21T08:13:59.349Z" },
    { url = "https://files.pythonhosted.org/packages/1d/7b/7747907e2d379d4cfe3f4e14a9680aedad981dad8c05b9510cd9ca9b84a7/ids_peak_ipl-1.17.2.0.7-cp311-abi3-manylinux_2_27_x86_64.whl", hash = "sha256:b9609a7c0d32bab3abfe8a692609d66904635158561954ec0a2b7f30750c0674", size = 6904739, upload-time = "2026-04-21T08:14:06.47Z" },
    { url = "https://files.pythonhosted.org/packages/94/a8/fa8b76dc918950751636b35b33fa62bcf9e145434699c005b66bcda59074/ids_peak_ipl-1.17.2.0.7-cp311-abi3-win_amd64.whl", hash = "sha256:2360eda9dc910818922a072f7e40f7656d026b5d827177ec2f597cc6451970b3", size = 7024229, upload-time = "2026-04-21T08:14:16.269Z" },
]

[[package]]
name = "numpy"
version = "2.4.4"
source = { registry = "https://pypi.org/simple" }
sdist = { url = "https://files.pythonhosted.org/packages/d7/9f/b8cef5bffa569759033adda9481211426f12f53299629b410340795c2514/numpy-2.4.4.tar.gz", hash = "sha256:2d390634c5182175533585cc89f3608a4682ccb173cc9bb940b2881c8d6f8fa0", size = 20731587, upload-time = "2026-03-29T13:22:01.298Z" }
wheels = [
    { url = "https://files.pythonhosted.org/packages/ef/c6/4218570d8c8ecc9704b5157a3348e486e84ef4be0ed3e38218ab473c83d2/numpy-2.4.4-cp311-cp311-macosx_10_9_x86_64.whl", hash = "sha256:f983334aea213c99992053ede6168500e5f086ce74fbc4acc3f2b00f5762e9db", size = 16976799, upload-time = "2026-03-29T13:18:15.438Z" },
    { url = "https://files.pythonhosted.org/packages/dd/92/b4d922c4a5f5dab9ed44e6153908a5c665b71acf183a83b93b690996e39b/numpy-2.4.4-cp311-cp311-macosx_11_0_arm64.whl", hash = "sha256:72944b19f2324114e9dc86a159787333b77874143efcf89a5167ef83cfee8af0", size = 14971552, upload-time = "2026-03-29T13:18:18.606Z" },
    { url = "https://files.pythonhosted.org/packages/8a/dc/df98c095978fa6ee7b9a9387d1d58cbb3d232d0e69ad169a4ce784bde4fd/numpy-2.4.4-cp311-cp311-macosx_14_0_arm64.whl", hash = "sha256:86b6f55f5a352b48d7fbfd2dbc3d5b780b2d79f4d3c121f33eb6efb22e9a2015", size = 5476566, upload-time = "2026-03-29T13:18:21.532Z" },
    { url = "https://files.pythonhosted.org/packages/28/34/b3fdcec6e725409223dd27356bdf5a3c2cc2282e428218ecc9cb7acc9763/numpy-2.4.4-cp311-cp311-macosx_14_0_x86_64.whl", hash = "sha256:ba1f4fc670ed79f876f70082eff4f9583c15fb9a4b89d6188412de4d18ae2f40", size = 6806482, upload-time = "2026-03-29T13:18:23.634Z" },
    { url = "https://files.pythonhosted.org/packages/68/62/63417c13aa35d57bee1337c67446761dc25ea6543130cf868eace6e8157b/numpy-2.4.4-cp311-cp311-manylinux_2_27_aarch64.manylinux_2_28_aarch64.whl", hash = "sha256:8a87ec22c87be071b6bdbd27920b129b94f2fc964358ce38f3822635a3e2e03d", size = 15973376, upload-time = "2026-03-29T13:18:26.677Z" },
    { url = "https://files.pythonhosted.org/packages/cf/c5/9fcb7e0e69cef59cf10c746b84f7d58b08bc66a6b7d459783c5a4f6101a6/numpy-2.4.4-cp311-cp311-manylinux_2_27_x86_64.manylinux_2_28_x86_64.whl", hash = "sha256:df3775294accfdd75f32c74ae39fcba920c9a378a2fc18a12b6820aa8c1fb502", size = 16925137, upload-time = "2026-03-29T13:18:30.14Z" },
    { url = "https://files.pythonhosted.org/packages/7e/43/80020edacb3f84b9efdd1591120a4296462c23fd8db0dde1666f6ef66f13/numpy-2.4.4-cp311-cp311-musllinux_1_2_aarch64.whl", hash = "sha256:0d4e437e295f18ec29bc79daf55e8a47a9113df44d66f702f02a293d93a2d6dd", size = 17329414, upload-time = "2026-03-29T13:18:33.733Z" },
    { url = "https://files.pythonhosted.org/packages/fd/06/af0658593b18a5f73532d377188b964f239eb0894e664a6c12f484472f97/numpy-2.4.4-cp311-cp311-musllinux_1_2_x86_64.whl", hash = "sha256:6aa3236c78803afbcb255045fbef97a9e25a1f6c9888357d205ddc42f4d6eba5", size = 18658397, upload-time = "2026-03-29T13:18:37.511Z" },
    { url = "https://files.pythonhosted.org/packages/e6/ce/13a09ed65f5d0ce5c7dd0669250374c6e379910f97af2c08c57b0608eee4/numpy-2.4.4-cp311-cp311-win32.whl", hash = "sha256:30caa73029a225b2d40d9fae193e008e24b2026b7ee1a867b7ee8d96ca1a448e", size = 6239499, upload-time = "2026-03-29T13:18:40.372Z" },
    { url = "https://files.pythonhosted.org/packages/bd/63/05d193dbb4b5eec1eca73822d80da98b511f8328ad4ae3ca4caf0f4db91d/numpy-2.4.4-cp311-cp311-win_amd64.whl", hash = "sha256:6bbe4eb67390b0a0265a2c25458f6b90a409d5d069f1041e6aff1e27e3d9a79e", size = 12614257, upload-time = "2026-03-29T13:18:42.95Z" },
    { url = "https://files.pythonhosted.org/packages/87/c5/8168052f080c26fa984c413305012be54741c9d0d74abd7fbeeccae3889f/numpy-2.4.4-cp311-cp311-win_arm64.whl", hash = "sha256:fcfe2045fd2e8f3cb0ce9d4ba6dba6333b8fa05bb8a4939c908cd43322d14c7e", size = 10486775, upload-time = "2026-03-29T13:18:45.835Z" },
    { url = "https://files.pythonhosted.org/packages/6b/33/8fae8f964a4f63ed528264ddf25d2b683d0b663e3cba26961eb838a7c1bd/numpy-2.4.4-pp311-pypy311_pp73-macosx_10_15_x86_64.whl", hash = "sha256:58c8b5929fcb8287cbd6f0a3fae19c6e03a5c48402ae792962ac465224a629a4", size = 16854491, upload-time = "2026-03-29T13:21:38.03Z" },
    { url = "https://files.pythonhosted.org/packages/bc/d0/1aabee441380b981cf8cdda3ae7a46aa827d1b5a8cce84d14598bc94d6d9/numpy-2.4.4-pp311-pypy311_pp73-macosx_11_0_arm64.whl", hash = "sha256:eea7ac5d2dce4189771cedb559c738a71512768210dc4e4753b107a2048b3d0e", size = 14895830, upload-time = "2026-03-29T13:21:41.509Z" },
    { url = "https://files.pythonhosted.org/packages/a5/b8/aafb0d1065416894fccf4df6b49ef22b8db045187949545bced89c034b8e/numpy-2.4.4-pp311-pypy311_pp73-macosx_14_0_arm64.whl", hash = "sha256:51fc224f7ca4d92656d5a5eb315f12eb5fe2c97a66249aa7b5f562528a3be38c", size = 5400927, upload-time = "2026-03-29T13:21:44.747Z" },
    { url = "https://files.pythonhosted.org/packages/d6/77/063baa20b08b431038c7f9ff5435540c7b7265c78cf56012a483019ca72d/numpy-2.4.4-pp311-pypy311_pp73-macosx_14_0_x86_64.whl", hash = "sha256:28a650663f7314afc3e6ec620f44f333c386aad9f6fc472030865dc0ebb26ee3", size = 6715557, upload-time = "2026-03-29T13:21:47.406Z" },
    { url = "https://files.pythonhosted.org/packages/c7/a8/379542d45a14f149444c5c4c4e7714707239ce9cc1de8c2803958889da14/numpy-2.4.4-pp311-pypy311_pp73-manylinux_2_27_aarch64.manylinux_2_28_aarch64.whl", hash = "sha256:19710a9ca9992d7174e9c52f643d4272dcd1558c5f7af7f6f8190f633bd651a7", size = 15804253, upload-time = "2026-03-29T13:21:50.753Z" },
    { url = "https://files.pythonhosted.org/packages/a2/c8/f0a45426d6d21e7ea3310a15cf90c43a14d9232c31a837702dba437f3373/numpy-2.4.4-pp311-pypy311_pp73-manylinux_2_27_x86_64.manylinux_2_28_x86_64.whl", hash = "sha256:9b2aec6af35c113b05695ebb5749a787acd63cafc83086a05771d1e1cd1e555f", size = 16753552, upload-time = "2026-03-29T13:21:54.344Z" },
    { url = "https://files.pythonhosted.org/packages/04/74/f4c001f4714c3ad9ce037e18cf2b9c64871a84951eaa0baf683a9ca9301c/numpy-2.4.4-pp311-pypy311_pp73-win_amd64.whl", hash = "sha256:f2cf083b324a467e1ab358c105f6cad5ea950f50524668a80c486ff1db24e119", size = 12509075, upload-time = "2026-03-29T13:21:57.644Z" },
]

[[package]]
name = "pillow"
version = "12.2.0"
source = { registry = "https://pypi.org/simple" }
sdist = { url = "https://files.pythonhosted.org/packages/8c/21/c2bcdd5906101a30244eaffc1b6e6ce71a31bd0742a01eb89e660ebfac2d/pillow-12.2.0.tar.gz", hash = "sha256:a830b1a40919539d07806aa58e1b114df53ddd43213d9c8b75847eee6c0182b5", size = 46987819, upload-time = "2026-04-01T14:46:17.687Z" }
wheels = [
    { url = "https://files.pythonhosted.org/packages/68/e1/748f5663efe6edcfc4e74b2b93edfb9b8b99b67f21a854c3ae416500a2d9/pillow-12.2.0-cp311-cp311-macosx_10_10_x86_64.whl", hash = "sha256:8be29e59487a79f173507c30ddf57e733a357f67881430449bb32614075a40ab", size = 5354347, upload-time = "2026-04-01T14:42:44.255Z" },
    { url = "https://files.pythonhosted.org/packages/47/a1/d5ff69e747374c33a3b53b9f98cca7889fce1fd03d79cdc4e1bccc6c5a87/pillow-12.2.0-cp311-cp311-macosx_11_0_arm64.whl", hash = "sha256:71cde9a1e1551df7d34a25462fc60325e8a11a82cc2e2f54578e5e9a1e153d65", size = 4695873, upload-time = "2026-04-01T14:42:46.452Z" },
    { url = "https://files.pythonhosted.org/packages/df/21/e3fbdf54408a973c7f7f89a23b2cb97a7ef30c61ab4142af31eee6aebc88/pillow-12.2.0-cp311-cp311-manylinux2014_aarch64.manylinux_2_17_aarch64.whl", hash = "sha256:f490f9368b6fc026f021db16d7ec2fbf7d89e2edb42e8ec09d2c60505f5729c7", size = 6280168, upload-time = "2026-04-01T14:42:49.228Z" },
    { url = "https://files.pythonhosted.org/packages/d3/f1/00b7278c7dd52b17ad4329153748f87b6756ec195ff786c2bdf12518337d/pillow-12.2.0-cp311-cp311-manylinux2014_x86_64.manylinux_2_17_x86_64.whl", hash = "sha256:8bd7903a5f2a4545f6fd5935c90058b89d30045568985a71c79f5fd6edf9b91e", size = 8088188, upload-time = "2026-04-01T14:42:51.735Z" },
    { url = "https://files.pythonhosted.org/packages/ad/cf/220a5994ef1b10e70e85748b75649d77d506499352be135a4989c957b701/pillow-12.2.0-cp311-cp311-manylinux_2_27_aarch64.manylinux_2_28_aarch64.whl", hash = "sha256:3997232e10d2920a68d25191392e3a4487d8183039e1c74c2297f00ed1c50705", size = 6394401, upload-time = "2026-04-01T14:42:54.343Z" },
    { url = "https://files.pythonhosted.org/packages/e9/bd/e51a61b1054f09437acfbc2ff9106c30d1eb76bc1453d428399946781253/pillow-12.2.0-cp311-cp311-manylinux_2_27_x86_64.manylinux_2_28_x86_64.whl", hash = "sha256:e74473c875d78b8e9d5da2a70f7099549f9eb37ded4e2f6a463e60125bccd176", size = 7079655, upload-time = "2026-04-01T14:42:56.954Z" },
    { url = "https://files.pythonhosted.org/packages/6b/3d/45132c57d5fb4b5744567c3817026480ac7fc3ce5d4c47902bc0e7f6f853/pillow-12.2.0-cp311-cp311-musllinux_1_2_aarch64.whl", hash = "sha256:56a3f9c60a13133a98ecff6197af34d7824de9b7b38c3654861a725c970c197b", size = 6503105, upload-time = "2026-04-01T14:42:59.847Z" },
    { url = "https://files.pythonhosted.org/packages/7d/2e/9df2fc1e82097b1df3dce58dc43286aa01068e918c07574711fcc53e6fb4/pillow-12.2.0-cp311-cp311-musllinux_1_2_x86_64.whl", hash = "sha256:90e6f81de50ad6b534cab6e5aef77ff6e37722b2f5d908686f4a5c9eba17a909", size = 7203402, upload-time = "2026-04-01T14:43:02.664Z" },
    { url = "https://files.pythonhosted.org/packages/bd/2e/2941e42858ebb67e50ae741473de81c2984e6eff7b397017623c676e2e8d/pillow-12.2.0-cp311-cp311-win32.whl", hash = "sha256:8c984051042858021a54926eb597d6ee3012393ce9c181814115df4c60b9a808", size = 6378149, upload-time = "2026-04-01T14:43:05.274Z" },
    { url = "https://files.pythonhosted.org/packages/69/42/836b6f3cd7f3e5fa10a1f1a5420447c17966044c8fbf589cc0452d5502db/pillow-12.2.0-cp311-cp311-win_amd64.whl", hash = "sha256:6e6b2a0c538fc200b38ff9eb6628228b77908c319a005815f2dde585a0664b60", size = 7082626, upload-time = "2026-04-01T14:43:08.557Z" },
    { url = "https://files.pythonhosted.org/packages/c2/88/549194b5d6f1f494b485e493edc6693c0a16f4ada488e5bd974ed1f42fad/pillow-12.2.0-cp311-cp311-win_arm64.whl", hash = "sha256:9a8a34cc89c67a65ea7437ce257cea81a9dad65b29805f3ecee8c8fe8ff25ffe", size = 2463531, upload-time = "2026-04-01T14:43:10.743Z" },
    { url = "https://files.pythonhosted.org/packages/4e/b7/2437044fb910f499610356d1352e3423753c98e34f915252aafecc64889f/pillow-12.2.0-pp311-pypy311_pp73-macosx_10_15_x86_64.whl", hash = "sha256:0538bd5e05efec03ae613fd89c4ce0368ecd2ba239cc25b9f9be7ed426b0af1f", size = 5273969, upload-time = "2026-04-01T14:45:55.538Z" },
    { url = "https://files.pythonhosted.org/packages/f6/f4/8316e31de11b780f4ac08ef3654a75555e624a98db1056ecb2122d008d5a/pillow-12.2.0-pp311-pypy311_pp73-macosx_11_0_arm64.whl", hash = "sha256:394167b21da716608eac917c60aa9b969421b5dcbbe02ae7f013e7b85811c69d", size = 4659674, upload-time = "2026-04-01T14:45:58.093Z" },
    { url = "https://files.pythonhosted.org/packages/d4/37/664fca7201f8bb2aa1d20e2c3d5564a62e6ae5111741966c8319ca802361/pillow-12.2.0-pp311-pypy311_pp73-manylinux2014_aarch64.manylinux_2_17_aarch64.whl", hash = "sha256:5d04bfa02cc2d23b497d1e90a0f927070043f6cbf303e738300532379a4b4e0f", size = 5288479, upload-time = "2026-04-01T14:46:01.141Z" },
    { url = "https://files.pythonhosted.org/packages/49/62/5b0ed78fce87346be7a5cfcfaaad91f6a1f98c26f86bdbafa2066c647ef6/pillow-12.2.0-pp311-pypy311_pp73-manylinux2014_x86_64.manylinux_2_17_x86_64.whl", hash = "sha256:0c838a5125cee37e68edec915651521191cef1e6aa336b855f495766e77a366e", size = 7032230, upload-time = "2026-04-01T14:46:03.874Z" },
    { url = "https://files.pythonhosted.org/packages/c3/28/ec0fc38107fc32536908034e990c47914c57cd7c5a3ece4d8d8f7ffd7e27/pillow-12.2.0-pp311-pypy311_pp73-manylinux_2_27_aarch64.manylinux_2_28_aarch64.whl", hash = "sha256:4a6c9fa44005fa37a91ebfc95d081e8079757d2e904b27103f4f5fa6f0bf78c0", size = 5355404, upload-time = "2026-04-01T14:46:06.33Z" },
    { url = "https://files.pythonhosted.org/packages/5e/8b/51b0eddcfa2180d60e41f06bd6d0a62202b20b59c68f5a132e615b75aecf/pillow-12.2.0-pp311-pypy311_pp73-manylinux_2_27_x86_64.manylinux_2_28_x86_64.whl", hash = "sha256:25373b66e0dd5905ed63fa3cae13c82fbddf3079f2c8bf15c6fb6a35586324c1", size = 6002215, upload-time = "2026-04-01T14:46:08.83Z" },
    { url = "https://files.pythonhosted.org/packages/bc/60/5382c03e1970de634027cee8e1b7d39776b778b81812aaf45b694dfe9e28/pillow-12.2.0-pp311-pypy311_pp73-win_amd64.whl", hash = "sha256:bfa9c230d2fe991bed5318a5f119bd6780cda2915cca595393649fc118ab895e", size = 7080946, upload-time = "2026-04-01T14:46:11.734Z" },
]

[[package]]
name = "pyqtgraph"
version = "0.14.0"
source = { registry = "https://pypi.org/simple" }
dependencies = [
    { name = "colorama" },
    { name = "numpy" },
]
wheels = [
    { url = "https://files.pythonhosted.org/packages/32/36/4c242f81fdcbfa4fb62a5645f6af79191f4097a0577bd5460c24f19cc4ef/pyqtgraph-0.14.0-py3-none-any.whl", hash = "sha256:7abb7c3e17362add64f8711b474dffac5e7b0e9245abdf992e9a44119b7aa4f5", size = 1924755, upload-time = "2025-11-16T19:43:22.251Z" },
]
